
Microsoft Visual Studio Solution File, Format Version 12.00
# Visual Studio Version 17
VisualStudioVersion = 17.14.36414.22 d17.14
MinimumVisualStudioVersion = 10.0.40219.1
Project("{FAE04EC0-301F-11D3-BF4B-00C04F79EFBC}") = "MediatorPattern", "MediatorPattern.csproj", "{FBB562ED-1302-4271-A689-97F56FBBD06F}"
EndProject
Global
	GlobalSection(SolutionConfigurationPlatforms) = preSolution
		Debug|Any CPU = Debug|Any CPU
		Release|Any CPU = Release|Any CPU
	EndGlobalSection
	GlobalSection(ProjectConfigurationPlatforms) = postSolution
		{FBB562ED-1302-4271-A689-97F56FBBD06F}.Debug|Any CPU.ActiveCfg = Debug|Any CPU
		{FBB562ED-1302-4271-A689-97F56FBBD06F}.Debug|Any CPU.Build.0 = Debug|Any CPU
		{FBB562ED-1302-4271-A689-97F56FBBD06F}.Release|Any CPU.ActiveCfg = Release|Any CPU
		{FBB562ED-1302-4271-A689-97F56FBBD06F}.Release|Any CPU.Build.0 = Release|Any CPU
	EndGlobalSection
	GlobalSection(SolutionProperties) = preSolution
		HideSolutionNode = FALSE
	EndGlobalSection
	GlobalSection(ExtensibilityGlobals) = postSolution
		SolutionGuid = {5A6A8BFD-7218-4AA0-976E-61531D6A7A22}
	EndGlobalSection
EndGlobal
